
Microsoft Visual Studio Solution File, Format Version 12.00
# Visual Studio Version 17
Project("{FAE04EC0-301F-11D3-BF4B-00C04F79EFBC}") = "qman", "qman\qman.csproj", "{F2E29C7C-DE19-9E0D-8706-8410731C1A0F}"
EndProject
Project("{FAE04EC0-301F-11D3-BF4B-00C04F79EFBC}") = "qman-cli", "qman-cli\qman-cli.csproj", "{776C7375-6339-CE80-8C52-BC28787E030F}"
EndProject
Project("{FAE04EC0-301F-11D3-BF4B-00C04F79EFBC}") = "qman-lib", "qman-lib\qman-lib.csproj", "{56927375-425F-CE80-6B78-BC2857A4030F}"
EndProject
Global
	GlobalSection(SolutionConfigurationPlatforms) = preSolution
		Debug|x64 = Debug|x64
		Release|x64 = Release|x64
	EndGlobalSection
	GlobalSection(ProjectConfigurationPlatforms) = postSolution
		{F2E29C7C-DE19-9E0D-8706-8410731C1A0F}.Debug|x64.ActiveCfg = Debug|x64
		{F2E29C7C-DE19-9E0D-8706-8410731C1A0F}.Debug|x64.Build.0 = Debug|x64
		{F2E29C7C-DE19-9E0D-8706-8410731C1A0F}.Release|x64.ActiveCfg = Release|x64
		{F2E29C7C-DE19-9E0D-8706-8410731C1A0F}.Release|x64.Build.0 = Release|x64
		{776C7375-6339-CE80-8C52-BC28787E030F}.Debug|x64.ActiveCfg = Debug|x64
		{776C7375-6339-CE80-8C52-BC28787E030F}.Debug|x64.Build.0 = Debug|x64
		{776C7375-6339-CE80-8C52-BC28787E030F}.Release|x64.ActiveCfg = Release|x64
		{776C7375-6339-CE80-8C52-BC28787E030F}.Release|x64.Build.0 = Release|x64
		{56927375-425F-CE80-6B78-BC2857A4030F}.Debug|x64.ActiveCfg = Debug|x64
		{56927375-425F-CE80-6B78-BC2857A4030F}.Debug|x64.Build.0 = Debug|x64
		{56927375-425F-CE80-6B78-BC2857A4030F}.Release|x64.ActiveCfg = Release|x64
		{56927375-425F-CE80-6B78-BC2857A4030F}.Release|x64.Build.0 = Release|x64
	EndGlobalSection
	GlobalSection(SolutionProperties) = preSolution
		HideSolutionNode = FALSE
	EndGlobalSection
EndGlobal
