<Solution Description="Visual Studio slnx file generated by Premake" Version="1.4">
  <Configurations>
    <Platform Name="x64" />
  </Configurations>
  <Project Path="mdbreader\mdbreader.csproj" Id="0BBCE15D-7726-96D4-C064-477A2C0E7429">
  </Project>
  <Project Path="qman\qman.csproj" Id="F2E29C7C-DE19-9E0D-8706-8410731C1A0F" DefaultStartup="true">
  </Project>
  <Project Path="qman-cli\qman-cli.csproj" Id="776C7375-6339-CE80-8C52-BC28787E030F">
  </Project>
  <Project Path="qman-common\qman-common.csproj" Id="888647A0-F43B-C095-7D30-BA6CE9E4B699">
  </Project>
  <Project Path="qman-controller\qman-controller.csproj" Id="E3AC9FFC-4F38-0DC1-5849-90B5C45369C1">
  </Project>
  <Project Path="qman-lib\qman-lib.csproj" Id="56927375-425F-CE80-6B78-BC2857A4030F">
  </Project>
  <Project Path="qman_native\qman_native.csproj" Id="9892D6C1-0448-4FB7-8D3C-498EF9F045BB">
  </Project>
</Solution>